
Microsoft Visual Studio Solution File, Format Version 12.00
# Visual Studio Version 17
VisualStudioVersion = 17.4.33122.133
MinimumVisualStudioVersion = 10.0.40219.1
Project("{FAE04EC0-301F-11D3-BF4B-00C04F79EFBC}") = "WebAPI", "WebAPI\WebAPI.csproj", "{D2FE26E0-00A2-4EB8-869E-A18C68388983}"
EndProject
Project("{2150E333-8FDC-42A3-9474-1A3956D46DE8}") = "01- Comun", "01- Comun", "{E47B7479-488C-4A71-80F3-05C383C86F3C}"
EndProject
Project("{2150E333-8FDC-42A3-9474-1A3956D46DE8}") = "02- Modelo", "02- Modelo", "{670EAE48-C6A0-47B5-900F-1611B8DF26AB}"
EndProject
Project("{2150E333-8FDC-42A3-9474-1A3956D46DE8}") = "03- Acceso a Datos", "03- Acceso a Datos", "{E73D924B-0D15-489E-9C8F-09815DC25C47}"
EndProject
Project("{2150E333-8FDC-42A3-9474-1A3956D46DE8}") = "04- Cliente Rest", "04- Cliente Rest", "{1EFFFD16-74FC-4FE5-85F7-41765E4AF9D6}"
EndProject
Project("{2150E333-8FDC-42A3-9474-1A3956D46DE8}") = "05- Logica de Negocio", "05- Logica de Negocio", "{18669FBD-7218-4729-BD1F-B068D03099E4}"
EndProject
Project("{2150E333-8FDC-42A3-9474-1A3956D46DE8}") = "06- Web API", "06- Web API", "{7550AFCD-67FA-4FBC-8DCD-7DCFADF9FD21}"
EndProject
Project("{FAE04EC0-301F-11D3-BF4B-00C04F79EFBC}") = "Comun", "Comun\Comun.csproj", "{0642C81A-7009-4B04-8A30-AD85BB355E9B}"
EndProject
Project("{FAE04EC0-301F-11D3-BF4B-00C04F79EFBC}") = "Modelo", "Modelo\Modelo.csproj", "{34594386-1640-4AAF-A65E-38BB6976A204}"
EndProject
Project("{FAE04EC0-301F-11D3-BF4B-00C04F79EFBC}") = "Datos", "Datos\Datos.csproj", "{13201449-B8F0-440A-8C3A-CBDD92C57E20}"
EndProject
Project("{FAE04EC0-301F-11D3-BF4B-00C04F79EFBC}") = "Rest", "Rest\Rest.csproj", "{0132DF0C-CED0-49C7-A26F-3D23BFCCB728}"
EndProject
Project("{FAE04EC0-301F-11D3-BF4B-00C04F79EFBC}") = "Logica", "Logica\Logica.csproj", "{49179287-613A-4973-A047-59C71B9AB3CA}"
EndProject
Global
	GlobalSection(SolutionConfigurationPlatforms) = preSolution
		Debug|Any CPU = Debug|Any CPU
		Release|Any CPU = Release|Any CPU
	EndGlobalSection
	GlobalSection(ProjectConfigurationPlatforms) = postSolution
		{D2FE26E0-00A2-4EB8-869E-A18C68388983}.Debug|Any CPU.ActiveCfg = Debug|Any CPU
		{D2FE26E0-00A2-4EB8-869E-A18C68388983}.Debug|Any CPU.Build.0 = Debug|Any CPU
		{D2FE26E0-00A2-4EB8-869E-A18C68388983}.Release|Any CPU.ActiveCfg = Release|Any CPU
		{D2FE26E0-00A2-4EB8-869E-A18C68388983}.Release|Any CPU.Build.0 = Release|Any CPU
		{0642C81A-7009-4B04-8A30-AD85BB355E9B}.Debug|Any CPU.ActiveCfg = Debug|Any CPU
		{0642C81A-7009-4B04-8A30-AD85BB355E9B}.Debug|Any CPU.Build.0 = Debug|Any CPU
		{0642C81A-7009-4B04-8A30-AD85BB355E9B}.Release|Any CPU.ActiveCfg = Release|Any CPU
		{0642C81A-7009-4B04-8A30-AD85BB355E9B}.Release|Any CPU.Build.0 = Release|Any CPU
		{34594386-1640-4AAF-A65E-38BB6976A204}.Debug|Any CPU.ActiveCfg = Debug|Any CPU
		{34594386-1640-4AAF-A65E-38BB6976A204}.Debug|Any CPU.Build.0 = Debug|Any CPU
		{34594386-1640-4AAF-A65E-38BB6976A204}.Release|Any CPU.ActiveCfg = Release|Any CPU
		{34594386-1640-4AAF-A65E-38BB6976A204}.Release|Any CPU.Build.0 = Release|Any CPU
		{13201449-B8F0-440A-8C3A-CBDD92C57E20}.Debug|Any CPU.ActiveCfg = Debug|Any CPU
		{13201449-B8F0-440A-8C3A-CBDD92C57E20}.Debug|Any CPU.Build.0 = Debug|Any CPU
		{13201449-B8F0-440A-8C3A-CBDD92C57E20}.Release|Any CPU.ActiveCfg = Release|Any CPU
		{13201449-B8F0-440A-8C3A-CBDD92C57E20}.Release|Any CPU.Build.0 = Release|Any CPU
		{0132DF0C-CED0-49C7-A26F-3D23BFCCB728}.Debug|Any CPU.ActiveCfg = Debug|Any CPU
		{0132DF0C-CED0-49C7-A26F-3D23BFCCB728}.Debug|Any CPU.Build.0 = Debug|Any CPU
		{0132DF0C-CED0-49C7-A26F-3D23BFCCB728}.Release|Any CPU.ActiveCfg = Release|Any CPU
		{0132DF0C-CED0-49C7-A26F-3D23BFCCB728}.Release|Any CPU.Build.0 = Release|Any CPU
		{49179287-613A-4973-A047-59C71B9AB3CA}.Debug|Any CPU.ActiveCfg = Debug|Any CPU
		{49179287-613A-4973-A047-59C71B9AB3CA}.Debug|Any CPU.Build.0 = Debug|Any CPU
		{49179287-613A-4973-A047-59C71B9AB3CA}.Release|Any CPU.ActiveCfg = Release|Any CPU
		{49179287-613A-4973-A047-59C71B9AB3CA}.Release|Any CPU.Build.0 = Release|Any CPU
	EndGlobalSection
	GlobalSection(SolutionProperties) = preSolution
		HideSolutionNode = FALSE
	EndGlobalSection
	GlobalSection(NestedProjects) = preSolution
		{D2FE26E0-00A2-4EB8-869E-A18C68388983} = {7550AFCD-67FA-4FBC-8DCD-7DCFADF9FD21}
		{0642C81A-7009-4B04-8A30-AD85BB355E9B} = {E47B7479-488C-4A71-80F3-05C383C86F3C}
		{34594386-1640-4AAF-A65E-38BB6976A204} = {670EAE48-C6A0-47B5-900F-1611B8DF26AB}
		{13201449-B8F0-440A-8C3A-CBDD92C57E20} = {E73D924B-0D15-489E-9C8F-09815DC25C47}
		{0132DF0C-CED0-49C7-A26F-3D23BFCCB728} = {1EFFFD16-74FC-4FE5-85F7-41765E4AF9D6}
		{49179287-613A-4973-A047-59C71B9AB3CA} = {18669FBD-7218-4729-BD1F-B068D03099E4}
	EndGlobalSection
	GlobalSection(ExtensibilityGlobals) = postSolution
		SolutionGuid = {B0A3E880-AF7E-47C3-8F20-772456B8E978}
	EndGlobalSection
EndGlobal
